
Microsoft Visual Studio Solution File, Format Version 12.00
# Visual Studio Version 16
VisualStudioVersion = 16.0.31005.135
MinimumVisualStudioVersion = 10.0.40219.1
Project("{8BC9CEB8-8B4A-11D0-8D11-00A0C91BC942}") = "gitexample", "gitexample\gitexample.vcxproj", "{62A2B61F-72CE-46F2-A963-2B2056DB7303}"
EndProject
Global
	GlobalSection(SolutionConfigurationPlatforms) = preSolution
		Debug|x64 = Debug|x64
		Debug|x86 = Debug|x86
		Release|x64 = Release|x64
		Release|x86 = Release|x86
	EndGlobalSection
	GlobalSection(ProjectConfigurationPlatforms) = postSolution
		{62A2B61F-72CE-46F2-A963-2B2056DB7303}.Debug|x64.ActiveCfg = Debug|x64
		{62A2B61F-72CE-46F2-A963-2B2056DB7303}.Debug|x64.Build.0 = Debug|x64
		{62A2B61F-72CE-46F2-A963-2B2056DB7303}.Debug|x86.ActiveCfg = Debug|Win32
		{62A2B61F-72CE-46F2-A963-2B2056DB7303}.Debug|x86.Build.0 = Debug|Win32
		{62A2B61F-72CE-46F2-A963-2B2056DB7303}.Release|x64.ActiveCfg = Release|x64
		{62A2B61F-72CE-46F2-A963-2B2056DB7303}.Release|x64.Build.0 = Release|x64
		{62A2B61F-72CE-46F2-A963-2B2056DB7303}.Release|x86.ActiveCfg = Release|Win32
		{62A2B61F-72CE-46F2-A963-2B2056DB7303}.Release|x86.Build.0 = Release|Win32
	EndGlobalSection
	GlobalSection(SolutionProperties) = preSolution
		HideSolutionNode = FALSE
	EndGlobalSection
	GlobalSection(ExtensibilityGlobals) = postSolution
		SolutionGuid = {9A6A6763-9859-470C-AB37-F498669D9301}
	EndGlobalSection
EndGlobal
